<?xml version="1.0" encoding="utf-8"?>
<Project ToolsVersion="4.0" xmlns="http://schemas.microsoft.com/developer/msbuild/2003">
  <ItemGroup>
    <Filter Include="Src">
      <UniqueIdentifier>{0d8f7de8-678c-4c7b-b192-16143254e6ab}</UniqueIdentifier>
    </Filter>
    <Filter Include="Src\game">
      <UniqueIdentifier>{7cd1c396-c736-4dee-b40d-b16713c117c5}</UniqueIdentifier>
    </Filter>
  </ItemGroup>
  <ItemGroup>
    <ClCompile Include="Src\main.cpp">
      <Filter>Src</Filter>
    </ClCompile>
    <ClCompile Include="Src\game\Game.cpp">
      <Filter>Src\game</Filter>
    </ClCompile>
  </ItemGroup>
  <ItemGroup>
    <ClInclude Include="Src\game\Game.h">
      <Filter>Src\game</Filter>
    </ClInclude>
  </ItemGroup>
</Project>