<?xml version="1.0" encoding="utf-8"?>
<Project ToolsVersion="4.0" xmlns="http://schemas.microsoft.com/developer/msbuild/2003">
  <ItemGroup>
    <Filter Include="Src">
      <UniqueIdentifier>{eaf1af7b-bce2-48b2-901d-f1414bbf9e1d}</UniqueIdentifier>
    </Filter>
    <Filter Include="Src\baseGame">
      <UniqueIdentifier>{6ed1a43d-fa2a-4ee1-b7cf-b46eb28efa02}</UniqueIdentifier>
    </Filter>
    <Filter Include="Src\export">
      <UniqueIdentifier>{a802ce1a-6e10-4640-addf-14977e406cb5}</UniqueIdentifier>
    </Filter>
    <Filter Include="Src\renderer">
      <UniqueIdentifier>{660ec833-a0d3-4b1c-bc6e-965b97754c43}</UniqueIdentifier>
    </Filter>
    <Filter Include="Src\window">
      <UniqueIdentifier>{9609b3bb-c3d6-4c64-b24d-f7bb3a623e65}</UniqueIdentifier>
    </Filter>
    <Filter Include="Shader">
      <UniqueIdentifier>{f7eeaf63-aef3-412a-a22e-eb001992da1a}</UniqueIdentifier>
    </Filter>
    <Filter Include="Src\Entity">
      <UniqueIdentifier>{2eeeb282-ab20-47e4-8618-1cd16353b1d2}</UniqueIdentifier>
    </Filter>
    <Filter Include="Src\Entity2D">
      <UniqueIdentifier>{1eba1921-0a54-4ab9-a389-f30e515f883a}</UniqueIdentifier>
    </Filter>
    <Filter Include="Src\Shape">
      <UniqueIdentifier>{943423c0-a53c-4b60-8594-189d7473384f}</UniqueIdentifier>
    </Filter>
    <Filter Include="Src\input">
      <UniqueIdentifier>{dea26810-2d63-40dd-81f0-21fd2c34508f}</UniqueIdentifier>
    </Filter>
    <Filter Include="Src\input\keycode">
      <UniqueIdentifier>{f1f9f6ef-0cf8-4482-9cc5-78ba6a445942}</UniqueIdentifier>
    </Filter>
  </ItemGroup>
  <ItemGroup>
    <ClCompile Include="Src\baseGame\BaseGame.cpp">
      <Filter>Src\baseGame</Filter>
    </ClCompile>
    <ClCompile Include="Src\window\window.cpp">
      <Filter>Src\window</Filter>
    </ClCompile>
    <ClCompile Include="Src\renderer\renderer.cpp">
      <Filter>Src\renderer</Filter>
    </ClCompile>
    <ClCompile Include="Src\entity2D\Entity2D.cpp">
      <Filter>Src\Entity2D</Filter>
    </ClCompile>
    <ClCompile Include="Src\shape\Shape.cpp">
      <Filter>Src\Shape</Filter>
    </ClCompile>
    <ClCompile Include="Src\entity\Entity.cpp">
      <Filter>Src\Entity</Filter>
    </ClCompile>
    <ClCompile Include="Src\input\Input.cpp">
      <Filter>Src\input</Filter>
    </ClCompile>
  </ItemGroup>
  <ItemGroup>
    <ClInclude Include="Src\baseGame\BaseGame.h">
      <Filter>Src\baseGame</Filter>
    </ClInclude>
    <ClInclude Include="Src\export\export.h">
      <Filter>Src\export</Filter>
    </ClInclude>
    <ClInclude Include="Src\window\window.h">
      <Filter>Src\window</Filter>
    </ClInclude>
    <ClInclude Include="Src\renderer\renderer.h">
      <Filter>Src\renderer</Filter>
    </ClInclude>
    <ClInclude Include="Src\entity2D\Entity2D.h">
      <Filter>Src\Entity2D</Filter>
    </ClInclude>
    <ClInclude Include="Src\shape\Shape.h">
      <Filter>Src\Shape</Filter>
    </ClInclude>
    <ClInclude Include="Src\entity\Entity.h">
      <Filter>Src\Entity</Filter>
    </ClInclude>
    <ClInclude Include="Src\input\Input.h">
      <Filter>Src\input</Filter>
    </ClInclude>
    <ClInclude Include="Src\input\keycode\Keycode.h">
      <Filter>Src\input\keycode</Filter>
    </ClInclude>
  </ItemGroup>
  <ItemGroup>
    <None Include="Shader\FragmentShader.SWshader">
      <Filter>Shader</Filter>
    </None>
    <None Include="Shader\VertexShader.SWshader">
      <Filter>Shader</Filter>
    </None>
  </ItemGroup>
</Project>